{
  "version": "5",
  "specifiers": {
    "jsr:@es-toolkit/es-toolkit@^1.49.0": "1.51.0",
    "jsr:@glassway/kubernetes-models@^1.36.10": "1.36.10",
    "jsr:@glassway/kubernetes-types@^1.1.1": "1.1.1",
    "jsr:@logtape/logtape@^2.2.3": "2.2.4",
    "jsr:@match/match@0.1": "0.1.0",
    "jsr:@std/assert@0.221": "0.221.0",
    "jsr:@std/assert@0.221.0": "0.221.0",
    "jsr:@std/assert@^1.0.19": "1.0.19",
    "jsr:@std/assert@^1.0.9": "1.0.19",
    "jsr:@std/async@*": "1.0.11",
    "jsr:@std/async@0.221.0": "0.221.0",
    "jsr:@std/async@^1.4.0": "1.5.0",
    "jsr:@std/async@^1.5.0": "1.5.0",
    "jsr:@std/bytes@^1.0.6": "1.0.6",
    "jsr:@std/collections@^1.3.0": "1.3.0",
    "jsr:@std/data-structures@^1.1.0": "1.1.1",
    "jsr:@std/data-structures@^1.1.1": "1.1.1",
    "jsr:@std/encoding@^1.0.11": "1.0.11",
    "jsr:@std/fmt@0.221": "0.221.0",
    "jsr:@std/fmt@0.221.0": "0.221.0",
    "jsr:@std/fmt@1.0.3": "1.0.3",
    "jsr:@std/fs@*": "1.0.24",
    "jsr:@std/fs@^1.0.24": "1.0.24",
    "jsr:@std/internal@^1.0.12": "1.0.14",
    "jsr:@std/internal@^1.0.14": "1.0.14",
    "jsr:@std/internal@^1.0.5": "1.0.5",
    "jsr:@std/io@0.225.0": "0.225.0",
    "jsr:@std/path@^1.0.4": "1.1.6",
    "jsr:@std/path@^1.1.5": "1.1.6",
    "jsr:@std/path@^1.1.6": "1.1.6",
    "jsr:@std/streams@^1.1.1": "1.1.1",
    "jsr:@std/testing@^1.0.19": "1.0.19",
    "jsr:@std/url@~0.225.1": "0.225.1",
    "jsr:@std/yaml@^1.1.2": "1.1.2",
    "npm:@kubernetes/client-node@^1.4.0": "1.4.0",
    "npm:@types/js-yaml@^4.0.9": "4.0.9",
    "npm:@types/lodash@^4.17.24": "4.17.24",
    "npm:@types/object-hash@^3.0.6": "3.0.6",
    "npm:ajv-formats-draft2019@^1.6.1": "1.6.1_ajv@8.20.0",
    "npm:ajv-formats@^3.0.1": "3.0.1_ajv@8.20.0",
    "npm:ajv-i18n@^4.2.0": "4.2.0_ajv@8.20.0",
    "npm:ajv@^8.20.0": "8.20.0",
    "npm:appdirsjs@1.2.7": "1.2.7",
    "npm:appdirsjs@^1.2.7": "1.2.7",
    "npm:commander@15": "15.0.0",
    "npm:commander@15.0.0": "15.0.0",
    "npm:commander@^12.1.0": "12.1.0",
    "npm:fast-glob@^3.3.3": "3.3.3",
    "npm:is-cidr@7": "7.0.0",
    "npm:js-yaml@^4.3.0": "4.3.0",
    "npm:lodash@^4.18.1": "4.18.1",
    "npm:object-hash@3": "3.0.0",
    "npm:oci-client@^0.0.13": "0.0.13",
    "npm:ohash@^2.0.11": "2.0.11",
    "npm:reflect-metadata@~0.2.2": "0.2.2",
    "npm:semver@^7.8.5": "7.8.5",
    "npm:ts-graphviz@^2.1.6": "2.1.6",
    "npm:wildcard-match@^5.1.4": "5.1.4"
  },
  "jsr": {
    "@es-toolkit/es-toolkit@1.51.0": {
      "integrity": "17e2ce80c9c9bcfef3f3c0228b0f7896dc05e3c0a144a37bb7b7e34c5e29f8df"
    },
    "@glassway/kubernetes-models@1.36.10": {
      "integrity": "8fb9187ea4a4a37be81b5b10f3e657eed47c35fb217203093ae4316b61aa2e8f",
      "dependencies": [
        "jsr:@es-toolkit/es-toolkit",
        "jsr:@glassway/kubernetes-types",
        "npm:ajv",
        "npm:ohash"
      ]
    },
    "@glassway/kubernetes-types@1.1.1": {
      "integrity": "3f8898b63e3ecd192d7e320f77a355168ce6779a18f8148ffe206ba6afd993c1",
      "dependencies": [
        "jsr:@es-toolkit/es-toolkit",
        "npm:ajv",
        "npm:ajv-formats",
        "npm:ajv-formats-draft2019",
        "npm:ajv-i18n",
        "npm:is-cidr"
      ]
    },
    "@logtape/logtape@2.2.3": {
      "integrity": "73911ec91d87bd7367ea5690d1dc438c0c73d27ef5d8d7565644f6bb4fa8be24"
    },
    "@logtape/logtape@2.2.4": {
      "integrity": "8ee23b7c8d4b2e28c43a3a16027a7a27ed3d453c395c7d91b9960640399201ec"
    },
    "@match/match@0.1.0": {
      "integrity": "d98fdfe9b241c662f3b1ce2aca601a17033350fb2549e212abbe7d3c29170656"
    },
    "@std/assert@0.221.0": {
      "integrity": "a5f1aa6e7909dbea271754fd4ab3f4e687aeff4873b4cef9a320af813adb489a",
      "dependencies": [
        "jsr:@std/fmt@0.221"
      ]
    },
    "@std/assert@1.0.11": {
      "integrity": "2461ef3c368fe88bc60e186e7744a93112f16fd110022e113a0849e94d1c83c1",
      "dependencies": [
        "jsr:@std/internal@^1.0.5"
      ]
    },
    "@std/assert@1.0.19": {
      "integrity": "eaada96ee120cb980bc47e040f82814d786fe8162ecc53c91d8df60b8755991e",
      "dependencies": [
        "jsr:@std/internal@^1.0.12"
      ]
    },
    "@std/async@0.221.0": {
      "integrity": "f5519861754a1bb2898d227dd8ccb545abc975534aa9063e53911d6cb4e365cf",
      "dependencies": [
        "jsr:@std/assert@0.221"
      ]
    },
    "@std/async@1.0.11": {
      "integrity": "eee0d3405275506638a9c8efaa849cf0d35873120c69b7caa1309c9a9e5b6f85"
    },
    "@std/async@1.5.0": {
      "integrity": "4c1f22d287a17ad7d8643b1952bc5a4d21e5d8b68dc8c20d8268eecc69096e82",
      "dependencies": [
        "jsr:@std/data-structures@^1.1.1"
      ]
    },
    "@std/bytes@1.0.6": {
      "integrity": "f6ac6adbd8ccd99314045f5703e23af0a68d7f7e58364b47d2c7f408aeb5820a"
    },
    "@std/collections@1.3.0": {
      "integrity": "eb36b43d784477ea0b476483ac034a14bdd182aff921c812ecf662a1fcef9498"
    },
    "@std/data-structures@1.1.1": {
      "integrity": "7e1fcf19771fb9c6dbcd7f65039d6d42ef8dc023cfbc0c4cdc74b24e09229380"
    },
    "@std/encoding@1.0.11": {
      "integrity": "e7cef2f0b3153bccc17431e7c864a1de03a4b6d9647389c43e08aaa775d37385"
    },
    "@std/fmt@0.221.0": {
      "integrity": "379fed69bdd9731110f26b9085aeb740606b20428ce6af31ef6bd45ef8efa62a"
    },
    "@std/fmt@1.0.3": {
      "integrity": "97765c16aa32245ff4e2204ecf7d8562496a3cb8592340a80e7e554e0bb9149f"
    },
    "@std/fs@1.0.24": {
      "integrity": "f3061b45b81673a2bece689da041df32d174be064c89eb6397fb5718d3fb7877",
      "dependencies": [
        "jsr:@std/internal@^1.0.14",
        "jsr:@std/path@^1.1.5"
      ]
    },
    "@std/internal@1.0.5": {
      "integrity": "54a546004f769c1ac9e025abd15a76b6671ddc9687e2313b67376125650dc7ba"
    },
    "@std/internal@1.0.14": {
      "integrity": "291516b3d4c35024d6ffbc0a9df5bf4c64116e05b50012cf846710152d2ffdf7"
    },
    "@std/io@0.225.0": {
      "integrity": "c1db7c5e5a231629b32d64b9a53139445b2ca640d828c26bf23e1c55f8c079b3"
    },
    "@std/path@1.1.6": {
      "integrity": "c68485c2a4dfbb5ae3cc74fae4e8c4e5d874cf8a8ed12927917235c758b46cbe",
      "dependencies": [
        "jsr:@std/internal@^1.0.14"
      ]
    },
    "@std/streams@1.1.1": {
      "integrity": "92556d350e537e9dce527a6d08f6f15be3ff65e656079dea69d15252187c7613",
      "dependencies": [
        "jsr:@std/bytes"
      ]
    },
    "@std/testing@1.0.19": {
      "integrity": "f4236172365b216728dc3cc8b5e80a9f4c33083d1e4ede7613d5b25b4014898e",
      "dependencies": [
        "jsr:@std/assert@^1.0.19",
        "jsr:@std/async@^1.4.0",
        "jsr:@std/data-structures@^1.1.0",
        "jsr:@std/fs@^1.0.24",
        "jsr:@std/internal@^1.0.14",
        "jsr:@std/path@^1.1.5"
      ]
    },
    "@std/url@0.225.1": {
      "integrity": "7961f62f0a3cd2c7aa5b785822874132760b50bbf5ed0ccfded8668f203e7a95",
      "dependencies": [
        "jsr:@std/path@^1.0.4"
      ]
    },
    "@std/yaml@1.1.2": {
      "integrity": "de612653c036749ba2044165e316f52412b0f0698afffb7ee80b5331d6d2abae"
    }
  },
  "npm": {
    "@jsep-plugin/assignment@1.3.0_jsep@1.4.0": {
      "integrity": "sha512-VVgV+CXrhbMI3aSusQyclHkenWSAm95WaiKrMxRFam3JSUiIaQjoMIw2sEs/OX4XifnqeQUN4DYbJjlA8EfktQ==",
      "dependencies": [
        "jsep"
      ]
    },
    "@jsep-plugin/regex@1.0.4_jsep@1.4.0": {
      "integrity": "sha512-q7qL4Mgjs1vByCaTnDFcBnV9HS7GVPJX5vyVoCgZHNSC9rjwIlmbXG5sUuorR5ndfHAIlJ8pVStxvjXHbNvtUg==",
      "dependencies": [
        "jsep"
      ]
    },
    "@kubernetes/client-node@1.4.0": {
      "integrity": "sha512-Zge3YvF7DJi264dU1b3wb/GmzR99JhUpqTvp+VGHfwZT+g7EOOYNScDJNZwXy9cszyIGPIs0VHr+kk8e95qqrA==",
      "dependencies": [
        "@types/js-yaml",
        "@types/node",
        "@types/node-fetch",
        "@types/stream-buffers",
        "form-data",
        "hpagent",
        "isomorphic-ws",
        "js-yaml",
        "jsonpath-plus",
        "node-fetch",
        "openid-client",
        "rfc4648",
        "socks-proxy-agent",
        "stream-buffers",
        "tar-fs",
        "ws"
      ]
    },
    "@nodelib/fs.scandir@2.1.5": {
      "integrity": "sha512-vq24Bq3ym5HEQm2NKCr3yXDwjc7vTsEThRDnkp2DK9p1uqLR+DHurm/NOTo0KG7HYHU7eppKZj3MyqYuMBf62g==",
      "dependencies": [
        "@nodelib/fs.stat",
        "run-parallel"
      ]
    },
    "@nodelib/fs.stat@2.0.5": {
      "integrity": "sha512-RkhPPp2zrqDAQA/2jNhnztcPAlv64XdhIp7a7454A5ovI7Bukxgt7MX7udwAu3zg1DcpPU0rz3VV1SeaqvY4+A=="
    },
    "@nodelib/fs.walk@1.2.8": {
      "integrity": "sha512-oGB+UxlgWcgQkgwo8GcEGwemoTFt3FIO9ababBmaGwXIoBKZ+GTy0pP185beGg7Llih/NSHSV2XAs1lnznocSg==",
      "dependencies": [
        "@nodelib/fs.scandir",
        "fastq"
      ]
    },
    "@ts-graphviz/adapter@2.0.6": {
      "integrity": "sha512-kJ10lIMSWMJkLkkCG5gt927SnGZcBuG0s0HHswGzcHTgvtUe7yk5/3zTEr0bafzsodsOq5Gi6FhQeV775nC35Q==",
      "dependencies": [
        "@ts-graphviz/common"
      ]
    },
    "@ts-graphviz/ast@2.0.7": {
      "integrity": "sha512-e6+2qtNV99UT6DJSoLbHfkzfyqY84aIuoV8Xlb9+hZAjgpum8iVHprGeAMQ4rF6sKUAxrmY8rfF/vgAwoPc3gw==",
      "dependencies": [
        "@ts-graphviz/common"
      ]
    },
    "@ts-graphviz/common@2.1.5": {
      "integrity": "sha512-S6/9+T6x8j6cr/gNhp+U2olwo1n0jKj/682QVqsh7yXWV6ednHYqxFw0ZsY3LyzT0N8jaZ6jQY9YD99le3cmvg=="
    },
    "@ts-graphviz/core@2.0.7": {
      "integrity": "sha512-w071DSzP94YfN6XiWhOxnLpYT3uqtxJBDYdh6Jdjzt+Ce6DNspJsPQgpC7rbts/B8tEkq0LHoYuIF/O5Jh5rPg==",
      "dependencies": [
        "@ts-graphviz/ast",
        "@ts-graphviz/common"
      ]
    },
    "@types/js-yaml@4.0.9": {
      "integrity": "sha512-k4MGaQl5TGo/iipqb2UDG2UwjXziSWkh0uysQelTlJpX1qGlpUZYm8PnO4DxG1qBomtJUdYJ6qR6xdIah10JLg=="
    },
    "@types/lodash@4.17.24": {
      "integrity": "sha512-gIW7lQLZbue7lRSWEFql49QJJWThrTFFeIMJdp3eH4tKoxm1OvEPg02rm4wCCSHS0cL3/Fizimb35b7k8atwsQ=="
    },
    "@types/node-fetch@2.6.13": {
      "integrity": "sha512-QGpRVpzSaUs30JBSGPjOg4Uveu384erbHBoT1zeONvyCfwQxIkUshLAOqN/k9EjGviPRmWTTe6aH2qySWKTVSw==",
      "dependencies": [
        "@types/node",
        "form-data"
      ]
    },
    "@types/node@24.13.3": {
      "integrity": "sha512-Dh8vAsV36ig5wa9OX4pXvMc9D3Veibfw2wix0CUwYODLD8nkj9UsLjASr49nPg+2eKzxhBV+v7L8pXvT4e639Q==",
      "dependencies": [
        "undici-types"
      ]
    },
    "@types/object-hash@3.0.6": {
      "integrity": "sha512-fOBV8C1FIu2ELinoILQ+ApxcUKz4ngq+IWUYrxSGjXzzjUALijilampwkMgEtJ+h2njAW3pi853QpzNVCHB73w=="
    },
    "@types/stream-buffers@3.0.8": {
      "integrity": "sha512-J+7VaHKNvlNPJPEJXX/fKa9DZtR/xPMwuIbe+yNOwp1YB+ApUOBv2aUpEoBJEi8nJgbgs1x8e73ttg0r1rSUdw==",
      "dependencies": [
        "@types/node"
      ]
    },
    "agent-base@7.1.4": {
      "integrity": "sha512-MnA+YT8fwfJPgBx3m60MNqakm30XOkyIoH1y6huTQvC0PwZG7ki8NacLBcrPbNoo8vEZy7Jpuk7+jMO+CUovTQ=="
    },
    "ajv-formats-draft2019@1.6.1_ajv@8.20.0": {
      "integrity": "sha512-JQPvavpkWDvIsBp2Z33UkYCtXCSpW4HD3tAZ+oL4iEFOk9obQZffx0yANwECt6vzr6ET+7HN5czRyqXbnq/u0Q==",
      "dependencies": [
        "ajv",
        "punycode",
        "schemes",
        "smtp-address-parser",
        "uri-js"
      ]
    },
    "ajv-formats@3.0.1_ajv@8.20.0": {
      "integrity": "sha512-8iUql50EUR+uUcdRQ3HDqa6EVyo3docL8g5WJ3FNcWmu62IbkGUue/pEyLBW8VGKKucTPgqeks4fIU1DA4yowQ==",
      "dependencies": [
        "ajv"
      ],
      "optionalPeers": [
        "ajv"
      ]
    },
    "ajv-i18n@4.2.0_ajv@8.20.0": {
      "integrity": "sha512-v/ei2UkCEeuKNXh8RToiFsUclmU+G57LO1Oo22OagNMENIw+Yb8eMwvHu7Vn9fmkjJyv6XclhJ8TbuigSglPkg==",
      "dependencies": [
        "ajv"
      ]
    },
    "ajv@8.20.0": {
      "integrity": "sha512-Thbli+OlOj+iMPYFBVBfJ3OmCAnaSyNn4M1vz9T6Gka5Jt9ba/HIR56joy65tY6kx/FCF5VXNB819Y7/GUrBGA==",
      "dependencies": [
        "fast-deep-equal",
        "fast-uri",
        "json-schema-traverse",
        "require-from-string"
      ]
    },
    "appdirsjs@1.2.7": {
      "integrity": "sha512-Quji6+8kLBC3NnBeo14nPDq0+2jUs5s3/xEye+udFHumHhRk4M7aAMXp/PBJqkKYGuuyR9M/6Dq7d2AViiGmhw=="
    },
    "argparse@2.0.1": {
      "integrity": "sha512-8+9WqebbFzpX9OR+Wa6O29asIogeRMzcGtAINdpMHHyAg10f05aSFVBbcEqGf/PXw1EjAZ+q2/bEBg3DvurK3Q=="
    },
    "asynckit@0.4.0": {
      "integrity": "sha512-Oei9OH4tRh0YqU3GxhX79dM/mwVgvbZJaSNaRk+bshkj0S5cfHcgYakreBjrHwatXKbz+IoIdYLxrKim2MjW0Q=="
    },
    "b4a@1.8.1": {
      "integrity": "sha512-aiqre1Nr0B/6DgE2N5vwTc+2/oQZ4Wh1t4NznYY4E00y8LCt6NqdRv81so00oo27D8MVKTpUa/MwUUtBLXCoDw=="
    },
    "bare-events@2.9.1": {
      "integrity": "sha512-Z0oHEHAFDZkffN8Qc39zNZjQlMDkPJRyyyZieU1VH7u8c5S+qHZ2S8ixdKIAxEjfHO7FJxXmJWgteOghVanIsg=="
    },
    "bare-fs@4.7.4": {
      "integrity": "sha512-y1kC+ffIx/tPLdTE693uNjHfzTfr+ravR5tvWlMXe25nELbkqV400S71qHDwbkAQ1FVEZobB1NFRzFbCCcyBCQ==",
      "dependencies": [
        "bare-events",
        "bare-path",
        "bare-stream",
        "bare-url",
        "fast-fifo"
      ]
    },
    "bare-path@3.1.1": {
      "integrity": "sha512-JprUlveX3QjApC1cTpsUOiscADftCGVWkzitbHsRqv84hzYwYHw2mbluddsq5TvI8mH/8Ov1f4BiMAdcB0oYnQ=="
    },
    "bare-stream@2.13.3_bare-events@2.9.1": {
      "integrity": "sha512-Kc+brLqvEqGkjyfiwJmImAOqLZL7OsoLKuavx+hJjgVV3nLTOjloJyPMFxjUPerGGHrNH0fLU06jjykMLWrERQ==",
      "dependencies": [
        "b4a",
        "bare-events",
        "streamx",
        "teex"
      ],
      "optionalPeers": [
        "bare-events"
      ]
    },
    "bare-url@2.4.5": {
      "integrity": "sha512-K+y9xF1tN+CdPu4qWwr0QiK1Al07eFPGYK5M2pDXcmHdMdgC/tT/bpmMe1hrmRHaidKLkXrC+cRNYf3XVDUhSQ==",
      "dependencies": [
        "bare-path"
      ]
    },
    "braces@3.0.3": {
      "integrity": "sha512-yQbXgO/OSZVD2IsiLlro+7Hf6Q18EJrKSEsdoMzKePKXct3gvD8oLcOQdIzGupr5Fj+EDe8gO/lxc1BzfMpxvA==",
      "dependencies": [
        "fill-range"
      ]
    },
    "call-bind-apply-helpers@1.0.2": {
      "integrity": "sha512-Sp1ablJ0ivDkSzjcaJdxEunN5/XvksFJ2sMBFfq6x0ryhQV/2b/KwFe21cMpmHtPOSij8K99/wSfoEuTObmuMQ==",
      "dependencies": [
        "es-errors",
        "function-bind"
      ]
    },
    "cidr-regex@6.0.0": {
      "integrity": "sha512-zEbNjf8/Un85X0XYUR9e99CYxZrq6ko4F6Xd6wnrxpgVi9F0Y7096+H2T+RDxYGSYHP6DUptmQE4j6RdRe+f7w=="
    },
    "combined-stream@1.0.8": {
      "integrity": "sha512-FQN4MRfuJeHf7cBbBMJFXhKSDq+2kAArBlmRBvcvFE5BB1HZKXtSFASDhdlz9zOYwxh8lDdnvmMOe/+5cdoEdg==",
      "dependencies": [
        "delayed-stream"
      ]
    },
    "commander@12.1.0": {
      "integrity": "sha512-Vw8qHK3bZM9y/P10u3Vib8o/DdkvA2OtPtZvD871QKjy74Wj1WSKFILMPRPSdUSx5RFK1arlJzEtA4PkFgnbuA=="
    },
    "commander@15.0.0": {
      "integrity": "sha512-z67u4ZhzCL/Tydu1lJARtEZYWbWaN7oYLHbsuzocr6y4N6WZAagG3RQ4FW61V1/0+jImpj293XfrcYnd1qxtPg=="
    },
    "commander@2.20.3": {
      "integrity": "sha512-GpVkmM8vF2vQUkj2LvZmD35JxeJOLCwJ9cUkugyk2nuhbv3+mJvpLYYt+0+USMxE+oj+ey/lJEnhZw75x/OMcQ=="
    },
    "debug@4.4.3": {
      "integrity": "sha512-RGwwWnwQvkVfavKVt22FGLw+xYSdzARwm0ru6DhTVA3umU5hZc28V3kO4stgYryrTlLpuvgI9GiijltAjNbcqA==",
      "dependencies": [
        "ms"
      ]
    },
    "delayed-stream@1.0.0": {
      "integrity": "sha512-ZySD7Nf91aLB0RxL4KGrKHBXl7Eds1DAmEdcoVawXnLD7SDhpNgtuII2aAkg7a7QS41jxPSZ17p4VdGnMHk3MQ=="
    },
    "discontinuous-range@1.0.0": {
      "integrity": "sha512-c68LpLbO+7kP/b1Hr1qs8/BJ09F5khZGTxqxZuhzxpmwJKOgRFHJWIb9/KmqnqHhLdO55aOxFH/EGBvUQbL/RQ=="
    },
    "dunder-proto@1.0.1": {
      "integrity": "sha512-KIN/nDJBQRcXw0MLVhZE9iQHmG68qAVIBg9CqmUYjmQIhgij9U5MFvrqkUL5FbtyyzZuOeOt0zdeRe4UY7ct+A==",
      "dependencies": [
        "call-bind-apply-helpers",
        "es-errors",
        "gopd"
      ]
    },
    "end-of-stream@1.4.5": {
      "integrity": "sha512-ooEGc6HP26xXq/N+GCGOT0JKCLDGrq2bQUZrQ7gyrJiZANJ/8YDTxTpQBXGMn+WbIQXNVpyWymm7KYVICQnyOg==",
      "dependencies": [
        "once"
      ]
    },
    "es-define-property@1.0.1": {
      "integrity": "sha512-e3nRfgfUZ4rNGL232gUgX06QNyyez04KdjFrF+LTRoOXmrOgFKDg4BCdsjW8EnT69eqdYGmRpJwiPVYNrCaW3g=="
    },
    "es-errors@1.3.0": {
      "integrity": "sha512-Zf5H2Kxt2xjTvbJvP2ZWLEICxA6j+hAmMzIlypy4xcBg1vKVnx89Wy0GbS+kf5cwCVFFzdCFh2XSCFNULS6csw=="
    },
    "es-object-atoms@1.1.2": {
      "integrity": "sha512-HWcBoN6NileqtSydK2FqHbS/LoDd2pqrnQHLyJzBj4kOp/ky2MWMN694xOfkK8/SnUsW2DH7EfyVlydKCsm1Zw==",
      "dependencies": [
        "es-errors"
      ]
    },
    "es-set-tostringtag@2.1.0": {
      "integrity": "sha512-j6vWzfrGVfyXxge+O0x5sh6cvxAog0a/4Rdd2K36zCMV5eJ+/+tOAngRO8cODMNWbVRdVlmGZQL2YS3yR8bIUA==",
      "dependencies": [
        "es-errors",
        "get-intrinsic",
        "has-tostringtag",
        "hasown"
      ]
    },
    "events-universal@1.0.1": {
      "integrity": "sha512-LUd5euvbMLpwOF8m6ivPCbhQeSiYVNb8Vs0fQ8QjXo0JTkEHpz8pxdQf0gStltaPpw0Cca8b39KxvK9cfKRiAw==",
      "dependencies": [
        "bare-events"
      ]
    },
    "extend@3.0.2": {
      "integrity": "sha512-fjquC59cD7CyW6urNXK0FBufkZcoiGG80wTuPujX590cB5Ttln20E2UB4S/WARVqhXffZl2LNgS+gQdPIIim/g=="
    },
    "fast-deep-equal@3.1.3": {
      "integrity": "sha512-f3qQ9oQy9j2AhBe/H9VC91wLmKBCCU/gDOnKNAYG5hswO7BLKj09Hc5HYNz9cGI++xlpDCIgDaitVs03ATR84Q=="
    },
    "fast-fifo@1.3.2": {
      "integrity": "sha512-/d9sfos4yxzpwkDkuN7k2SqFKtYNmCTzgfEpz82x34IM9/zc8KGxQoXg1liNC/izpRM/MBdt44Nmx41ZWqk+FQ=="
    },
    "fast-glob@3.3.3": {
      "integrity": "sha512-7MptL8U0cqcFdzIzwOTHoilX9x5BrNqye7Z/LuC7kCMRio1EMSyqRK3BEAUD7sXRq4iT4AzTVuZdhgQ2TCvYLg==",
      "dependencies": [
        "@nodelib/fs.stat",
        "@nodelib/fs.walk",
        "glob-parent",
        "merge2",
        "micromatch"
      ]
    },
    "fast-uri@3.1.3": {
      "integrity": "sha512-i70LwGWUduXqzicKXWshooq+sWL1K3WUU5rKZNG/0i3a1OSoX3HqhH5WbWwTmqWfor4urUakGPiRQcleRZTwOg=="
    },
    "fastq@1.20.1": {
      "integrity": "sha512-GGToxJ/w1x32s/D2EKND7kTil4n8OVk/9mycTc4VDza13lOvpUZTGX3mFSCtV9ksdGBVzvsyAVLM6mHFThxXxw==",
      "dependencies": [
        "reusify"
      ]
    },
    "fill-range@7.1.1": {
      "integrity": "sha512-YsGpe3WHLK8ZYi4tWDg2Jy3ebRz2rXowDxnld4bkQB00cc/1Zw9AWnC0i9ztDJitivtQvaI9KaLyKrc+hBW0yg==",
      "dependencies": [
        "to-regex-range"
      ]
    },
    "form-data@4.0.6": {
      "integrity": "sha512-vKatAh4SlVfgbv+YtmhiRjhEMJsYpsG1Y2rMQtR+SVSbytsSD1YGzDIcrAJmdFec88u/+VoGmxnl+80gL1tRCQ==",
      "dependencies": [
        "asynckit",
        "combined-stream",
        "es-set-tostringtag",
        "hasown",
        "mime-types"
      ]
    },
    "function-bind@1.1.2": {
      "integrity": "sha512-7XHNxH7qX9xG5mIwxkhumTox/MIRNcOgDrxWsMt2pAr23WHp6MrRlN7FBSFpCpr+oVO0F744iUgR82nJMfG2SA=="
    },
    "get-intrinsic@1.3.0": {
      "integrity": "sha512-9fSjSaos/fRIVIp+xSJlE6lfwhES7LNtKaCBIamHsjr2na1BiABJPo0mOjjz8GJDURarmCPGqaiVg5mfjb98CQ==",
      "dependencies": [
        "call-bind-apply-helpers",
        "es-define-property",
        "es-errors",
        "es-object-atoms",
        "function-bind",
        "get-proto",
        "gopd",
        "has-symbols",
        "hasown",
        "math-intrinsics"
      ]
    },
    "get-proto@1.0.1": {
      "integrity": "sha512-sTSfBjoXBp89JvIKIefqw7U2CCebsc74kiY6awiGogKtoSGbgjYE/G/+l9sF3MWFPNc9IcoOC4ODfKHfxFmp0g==",
      "dependencies": [
        "dunder-proto",
        "es-object-atoms"
      ]
    },
    "glob-parent@5.1.2": {
      "integrity": "sha512-AOIgSQCepiJYwP3ARnGx+5VnTu2HBYdzbGP45eLw1vr3zB3vZLeyed1sC9hnbcOc9/SrMyM5RPQrkGz4aS9Zow==",
      "dependencies": [
        "is-glob"
      ]
    },
    "gopd@1.2.0": {
      "integrity": "sha512-ZUKRh6/kUFoAiTAtTYPZJ3hw9wNxx+BIBOijnlG9PnrJsCcSjs1wyyD6vJpaYtgnzDrKYRSqf3OO6Rfa93xsRg=="
    },
    "has-symbols@1.1.0": {
      "integrity": "sha512-1cDNdwJ2Jaohmb3sg4OmKaMBwuC48sYni5HUw2DvsC8LjGTLK9h+eb1X6RyuOHe4hT0ULCW68iomhjUoKUqlPQ=="
    },
    "has-tostringtag@1.0.2": {
      "integrity": "sha512-NqADB8VjPFLM2V0VvHUewwwsw0ZWBaIdgo+ieHtK3hasLz4qeCRjYcqfB6AQrBggRKppKF8L52/VqdVsO47Dlw==",
      "dependencies": [
        "has-symbols"
      ]
    },
    "hasown@2.0.4": {
      "integrity": "sha512-T2UbfbBEF32wiepXIsMlTW9+dDYC6wMh/t/vYA4tuOMKqWz/n3vr1NFSxQiyP+zk2mXsoMA/i/7qV6LKut1t1A==",
      "dependencies": [
        "function-bind"
      ]
    },
    "hpagent@1.2.0": {
      "integrity": "sha512-A91dYTeIB6NoXG+PxTQpCCDDnfHsW9kc06Lvpu1TEe9gnd6ZFeiBoRO9JvzEv6xK7EX97/dUE8g/vBMTqTS3CA=="
    },
    "ip-address@10.2.0": {
      "integrity": "sha512-/+S6j4E9AHvW9SWMSEY9Xfy66O5PWvVEJ08O0y5JGyEKQpojb0K0GKpz/v5HJ/G0vi3D2sjGK78119oXZeE0qA=="
    },
    "is-cidr@7.0.0": {
      "integrity": "sha512-PkjeSTr7ZiDQ73R3TbGJBEOWWdC58ew5k9DCLBpYR1QtmiAPqF73TRTcXs5uZVoe3q5vMGAnl7Htp+cxnLfj7g==",
      "dependencies": [
        "cidr-regex"
      ]
    },
    "is-extglob@2.1.1": {
      "integrity": "sha512-SbKbANkN603Vi4jEZv49LeVJMn4yGwsbzZworEoyEiutsN3nJYdbO36zfhGJ6QEDpOZIFkDtnq5JRxmvl3jsoQ=="
    },
    "is-glob@4.0.3": {
      "integrity": "sha512-xelSayHH36ZgE7ZWhli7pW34hNbNl8Ojv5KVmkJD4hBdD3th8Tfk9vYasLM+mXWOZhFkgZfxhLSnrwRr4elSSg==",
      "dependencies": [
        "is-extglob"
      ]
    },
    "is-number@7.0.0": {
      "integrity": "sha512-41Cifkg6e8TylSpdtTpeLVMqvSBEVzTttHvERD741+pnZ8ANv0004MRL43QKPDlK9cGvNp6NZWZUBlbGXYxxng=="
    },
    "isomorphic-ws@5.0.0_ws@8.21.0": {
      "integrity": "sha512-muId7Zzn9ywDsyXgTIafTry2sV3nySZeUDe6YedVd1Hvuuep5AsIlqK+XefWpYTyJG5e503F2xIuT2lcU6rCSw==",
      "dependencies": [
        "ws"
      ]
    },
    "jose@6.2.3": {
      "integrity": "sha512-YYVDInQKFJfR/xa3ojUTl8c2KoTwiL1R5Wg9YCydwH0x0B9grbzlg5HC7mMjCtUJjbQ/YnGEZIhI5tCgfTb4Hw=="
    },
    "js-yaml@4.3.0": {
      "integrity": "sha512-1td788aAnnZ5qs7V2QIRl1owjtYpbKt749Y3xauqQgwIIGF/xXWz1wMTEBx5O3LK3lXLVuqXPdPxj2BoFHaW9Q==",
      "dependencies": [
        "argparse"
      ],
      "bin": true
    },
    "jsep@1.4.0": {
      "integrity": "sha512-B7qPcEVE3NVkmSJbaYxvv4cHkVW7DQsZz13pUMrfS8z8Q/BuShN+gcTXrUlPiGqM2/t/EEaI030bpxMqY8gMlw=="
    },
    "json-schema-traverse@1.0.0": {
      "integrity": "sha512-NM8/P9n3XjXhIZn1lLhkFaACTOURQXjWhV4BA/RnOv8xvgqtqpAX9IO4mRQxSx1Rlo4tqzeqb0sOlruaOy3dug=="
    },
    "jsonpath-plus@10.4.0": {
      "integrity": "sha512-T92WWatJXmhBbKsgH/0hl+jxjdXrifi5IKeMY02DWggRxX0UElcbVzPlmgLTbvsPeW1PasQ6xE2Q75stkhGbsA==",
      "dependencies": [
        "@jsep-plugin/assignment",
        "@jsep-plugin/regex",
        "jsep"
      ],
      "bin": true
    },
    "lodash@4.18.1": {
      "integrity": "sha512-dMInicTPVE8d1e5otfwmmjlxkZoUpiVLwyeTdUsi/Caj/gfzzblBcCE5sRHV/AsjuCmxWrte2TNGSYuCeCq+0Q=="
    },
    "math-intrinsics@1.1.0": {
      "integrity": "sha512-/IXtbwEk5HTPyEwyKX6hGkYXxM9nbj64B+ilVJnC/R6B0pH5G4V3b0pVbL7DBj4tkhBAppbQUlf6F6Xl9LHu1g=="
    },
    "merge2@1.4.1": {
      "integrity": "sha512-8q7VEgMJW4J8tcfVPy8g09NcQwZdbwFEqhe/WZkoIzjn/3TGDwtOCYtXGxA3O8tPzpczCCDgv+P2P5y00ZJOOg=="
    },
    "micromatch@4.0.8": {
      "integrity": "sha512-PXwfBhYu0hBCPw8Dn0E+WDYb7af3dSLVWKi3HGv84IdF4TyFoC0ysxFd0Goxw7nSv4T/PzEJQxsYsEiFCKo2BA==",
      "dependencies": [
        "braces",
        "picomatch"
      ]
    },
    "mime-db@1.52.0": {
      "integrity": "sha512-sPU4uV7dYlvtWJxwwxHD0PuihVNiE7TyAbQ5SWxDCB9mUYvOgroQOwYQQOKPJ8CIbE+1ETVlOoK1UC2nU3gYvg=="
    },
    "mime-types@2.1.35": {
      "integrity": "sha512-ZDY+bPm5zTTF+YpCrAU9nK0UgICYPT0QtT1NZWFv4s++TNkcgVaT0g6+4R2uI4MjQjzysHB1zxuWL50hzaeXiw==",
      "dependencies": [
        "mime-db"
      ]
    },
    "moo@0.5.3": {
      "integrity": "sha512-m2fmM2dDm7GZQsY7KK2cme8agi+AAljILjQnof7p1ZMDe6dQ4bdnSMx0cPppudoeNv5hEFQirN6u+O4fDE0IWA=="
    },
    "ms@2.1.3": {
      "integrity": "sha512-6FlzubTLZG3J2a/NVCAleEhjzq5oxgHyaCU9yYXvcLsvoVaHJq/s5xXI6/XXP6tz7R9xAOtHnSO/tXtF3WRTlA=="
    },
    "nearley@2.20.1": {
      "integrity": "sha512-+Mc8UaAebFzgV+KpI5n7DasuuQCHA89dmwm7JXw3TV43ukfNQ9DnBH3Mdb2g/I4Fdxc26pwimBWvjIw0UAILSQ==",
      "dependencies": [
        "commander@2.20.3",
        "moo",
        "railroad-diagrams",
        "randexp"
      ],
      "bin": true
    },
    "node-fetch@2.7.0": {
      "integrity": "sha512-c4FRfUm/dbcWZ7U+1Wq0AwCyFL+3nt2bEw05wfxSz+DWpWsitgmSgYmy2dQdWyKC1694ELPqMs/YzUSNozLt8A==",
      "dependencies": [
        "whatwg-url"
      ]
    },
    "oauth4webapi@3.8.6": {
      "integrity": "sha512-iwemM91xz8nryHti2yTmg5fhyEMVOkOXwHNqbvcATjyajb5oQxCQzrNOA6uElRHuMhQQTKUyFKV9y/CNyg25BQ=="
    },
    "object-hash@3.0.0": {
      "integrity": "sha512-RSn9F68PjH9HqtltsSnqYC1XXoWe9Bju5+213R98cNGttag9q9yAOTzdbsqvIa7aNm5WffBZFpWYr2aWrklWAw=="
    },
    "oci-client@0.0.13": {
      "integrity": "sha512-apMDP8ZSnO1v2Dk9+b+1WqsChjF4VbKLryJlz/gl9SIPerSUo4pZMnRyHuXzWpprwVovC1rRzeFFE5fgn5cfiw=="
    },
    "ohash@2.0.11": {
      "integrity": "sha512-RdR9FQrFwNBNXAr4GixM8YaRZRJ5PUWbKYbE5eOsrwAjJW0q2REGcf79oYPsLyskQCZG1PLN+S/K1V00joZAoQ=="
    },
    "once@1.4.0": {
      "integrity": "sha512-lNaJgI+2Q5URQBkccEKHTQOPaXdUxnZZElQTZY0MFUAuaEqe1E+Nyvgdz/aIyNi6Z9MzO5dv1H8n58/GELp3+w==",
      "dependencies": [
        "wrappy"
      ]
    },
    "openid-client@6.8.4": {
      "integrity": "sha512-QSw0BA08piujetEwfZsHoTrDpMEha7GDZDicQqVwX4u0ChCjefvjDB++TZ8BTg76UpwhzIQgdvvfgfl3HpCSAw==",
      "dependencies": [
        "jose",
        "oauth4webapi"
      ]
    },
    "picomatch@2.3.2": {
      "integrity": "sha512-V7+vQEJ06Z+c5tSye8S+nHUfI51xoXIXjHQ99cQtKUkQqqO1kO/KCJUfZXuB47h/YBlDhah2H3hdUGXn8ie0oA=="
    },
    "pump@3.0.4": {
      "integrity": "sha512-VS7sjc6KR7e1ukRFhQSY5LM2uBWAUPiOPa/A3mkKmiMwSmRFUITt0xuj+/lesgnCv+dPIEYlkzrcyXgquIHMcA==",
      "dependencies": [
        "end-of-stream",
        "once"
      ]
    },
    "punycode@2.3.1": {
      "integrity": "sha512-vYt7UD1U9Wg6138shLtLOvdAu+8DsC/ilFtEVHcH+wydcSpNE20AfSOduf6MkRFahL5FY7X1oU7nKVZFtfq8Fg=="
    },
    "queue-microtask@1.2.3": {
      "integrity": "sha512-NuaNSa6flKT5JaSYQzJok04JzTL1CA6aGhv5rfLW3PgqA+M2ChpZQnAC8h8i4ZFkBS8X5RqkDBHA7r4hej3K9A=="
    },
    "railroad-diagrams@1.0.0": {
      "integrity": "sha512-cz93DjNeLY0idrCNOH6PviZGRN9GJhsdm9hpn1YCS879fj4W+x5IFJhhkRZcwVgMmFF7R82UA/7Oh+R8lLZg6A=="
    },
    "randexp@0.4.6": {
      "integrity": "sha512-80WNmd9DA0tmZrw9qQa62GPPWfuXJknrmVmLcxvq4uZBdYqb1wYoKTmnlGUchvVWe0XiLupYkBoXVOxz3C8DYQ==",
      "dependencies": [
        "discontinuous-range",
        "ret"
      ]
    },
    "reflect-metadata@0.2.2": {
      "integrity": "sha512-urBwgfrvVP/eAyXx4hluJivBKzuEbSQs9rKWCrCkbSxNv8mxPcUZKeuoF3Uy4mJl3Lwprp6yy5/39VWigZ4K6Q=="
    },
    "require-from-string@2.0.2": {
      "integrity": "sha512-Xf0nWe6RseziFMu+Ap9biiUbmplq6S9/p+7w7YXP/JBHhrUDDUhwa+vANyubuqfZWTveU//DYVGsDG7RKL/vEw=="
    },
    "ret@0.1.15": {
      "integrity": "sha512-TTlYpa+OL+vMMNG24xSlQGEJ3B/RzEfUlLct7b5G/ytav+wPrplCpVMFuwzXbkecJrb6IYo1iFb0S9v37754mg=="
    },
    "reusify@1.1.0": {
      "integrity": "sha512-g6QUff04oZpHs0eG5p83rFLhHeV00ug/Yf9nZM6fLeUrPguBTkTQOdpAWWspMh55TZfVQDPaN3NQJfbVRAxdIw=="
    },
    "rfc4648@1.5.4": {
      "integrity": "sha512-rRg/6Lb+IGfJqO05HZkN50UtY7K/JhxJag1kP23+zyMfrvoB0B7RWv06MbOzoc79RgCdNTiUaNsTT1AJZ7Z+cg=="
    },
    "run-parallel@1.2.0": {
      "integrity": "sha512-5l4VyZR86LZ/lDxZTR6jqL8AFE2S0IFLMP26AbjsLVADxHdhB/c0GUsH+y39UfCi3dzz8OlQuPmnaJOMoDHQBA==",
      "dependencies": [
        "queue-microtask"
      ]
    },
    "schemes@1.4.0": {
      "integrity": "sha512-ImFy9FbCsQlVgnE3TCWmLPCFnVzx0lHL/l+umHplDqAKd0dzFpnS6lFZIpagBlYhKwzVmlV36ec0Y1XTu8JBAQ==",
      "dependencies": [
        "extend"
      ]
    },
    "semver@7.8.5": {
      "integrity": "sha512-Y7/KDsb8LjooZpwaqGyulO6DQlksgCncchHGk+sZIY4SBvUocMBEFH5Ur1fI4dV+Jvl0w6cjvucaIi40puRioA==",
      "bin": true
    },
    "smart-buffer@4.2.0": {
      "integrity": "sha512-94hK0Hh8rPqQl2xXc3HsaBoOXKV20MToPkcXvwbISWLEs+64sBq5kFgn2kJDHb1Pry9yrP0dxrCI9RRci7RXKg=="
    },
    "smtp-address-parser@1.1.0": {
      "integrity": "sha512-Gz11jbNU0plrReU9Sj7fmshSBxxJ9ShdD2q4ktHIHo/rpTH6lFyQoYHYKINPJtPe8aHFnsbtW46Ls0tCCBsIZg==",
      "dependencies": [
        "nearley"
      ]
    },
    "socks-proxy-agent@8.0.5": {
      "integrity": "sha512-HehCEsotFqbPW9sJ8WVYB6UbmIMv7kUUORIF2Nncq4VQvBfNBLibW9YZR5dlYCSUhwcD628pRllm7n+E+YTzJw==",
      "dependencies": [
        "agent-base",
        "debug",
        "socks"
      ]
    },
    "socks@2.8.9": {
      "integrity": "sha512-LJhUYUvItdQ0LkJTmPeaEObWXAqFyfmP85x0tch/ez9cahmhlBBLbIqDFnvBnUJGagb0JbIQrkBs1wJ+yRYpEw==",
      "dependencies": [
        "ip-address",
        "smart-buffer"
      ]
    },
    "stream-buffers@3.0.3": {
      "integrity": "sha512-pqMqwQCso0PBJt2PQmDO0cFj0lyqmiwOMiMSkVtRokl7e+ZTRYgDHKnuZNbqjiJXgsg4nuqtD/zxuo9KqTp0Yw=="
    },
    "streamx@2.28.0": {
      "integrity": "sha512-1Yowhzjf0ivGMrTIkY9hav5TxobO9qIVqUE41fiCGMGgc3CLlf4MY+9AHmZqBWgDTue0fY9zWjYFVyf6Diuobw==",
      "dependencies": [
        "events-universal",
        "fast-fifo",
        "text-decoder"
      ]
    },
    "tar-fs@3.1.3": {
      "integrity": "sha512-/hU4AXnIdZu+Gvl1pk0oI5f5HxWsCJRtY2aFaJdk9VvyL48DWU6iU5WAIPG+wIi1YvWA6eTJvIviP/tMAZZNwQ==",
      "dependencies": [
        "pump",
        "tar-stream"
      ],
      "optionalDependencies": [
        "bare-fs",
        "bare-path"
      ]
    },
    "tar-stream@3.2.0": {
      "integrity": "sha512-ojzvCvVaNp6aOTFmG7jaRD0meowIAuPc3cMMhSgKiVWws1GyHbGd/xvnyuRKcKlMpt3qvxx6r0hreCNITP9hIg==",
      "dependencies": [
        "b4a",
        "bare-fs",
        "fast-fifo",
        "streamx"
      ]
    },
    "teex@1.0.1": {
      "integrity": "sha512-eYE6iEI62Ni1H8oIa7KlDU6uQBtqr4Eajni3wX7rpfXD8ysFx8z0+dri+KWEPWpBsxXfxu58x/0jvTVT1ekOSg==",
      "dependencies": [
        "streamx"
      ]
    },
    "text-decoder@1.2.7": {
      "integrity": "sha512-vlLytXkeP4xvEq2otHeJfSQIRyWxo/oZGEbXrtEEF9Hnmrdly59sUbzZ/QgyWuLYHctCHxFF4tRQZNQ9k60ExQ==",
      "dependencies": [
        "b4a"
      ]
    },
    "to-regex-range@5.0.1": {
      "integrity": "sha512-65P7iz6X5yEr1cwcgvQxbbIw7Uk3gOy5dIdtZ4rDveLqhrdJP+Li/Hx6tyK0NEb+2GCyneCMJiGqrADCSNk8sQ==",
      "dependencies": [
        "is-number"
      ]
    },
    "tr46@0.0.3": {
      "integrity": "sha512-N3WMsuqV66lT30CrXNbEjx4GEwlow3v6rr4mCcv6prnfwhS01rkgyFdjPNBYd9br7LpXV1+Emh01fHnq2Gdgrw=="
    },
    "ts-graphviz@2.1.6": {
      "integrity": "sha512-XyLVuhBVvdJTJr2FJJV2L1pc4MwSjMhcunRVgDE9k4wbb2ee7ORYnPewxMWUav12vxyfUM686MSGsqnVRIInuw==",
      "dependencies": [
        "@ts-graphviz/adapter",
        "@ts-graphviz/ast",
        "@ts-graphviz/common",
        "@ts-graphviz/core"
      ]
    },
    "undici-types@7.18.2": {
      "integrity": "sha512-AsuCzffGHJybSaRrmr5eHr81mwJU3kjw6M+uprWvCXiNeN9SOGwQ3Jn8jb8m3Z6izVgknn1R0FTCEAP2QrLY/w=="
    },
    "uri-js@4.4.1": {
      "integrity": "sha512-7rKUyy33Q1yc98pQ1DAmLtwX109F7TIfWlW1Ydo8Wl1ii1SeHieeh0HHfPeL2fMXK6z0s8ecKs9frCuLJvndBg==",
      "dependencies": [
        "punycode"
      ]
    },
    "webidl-conversions@3.0.1": {
      "integrity": "sha512-2JAn3z8AR6rjK8Sm8orRC0h/bcl/DqL7tRPdGZ4I1CjdF+EaMLmYxBHyXuKL849eucPFhvBoxMsflfOb8kxaeQ=="
    },
    "whatwg-url@5.0.0": {
      "integrity": "sha512-saE57nupxk6v3HY35+jzBwYa0rKSy0XR8JSxZPwgLr7ys0IBzhGviA1/TUGJLmSVqs8pb9AnvICXEuOHLprYTw==",
      "dependencies": [
        "tr46",
        "webidl-conversions"
      ]
    },
    "wildcard-match@5.1.4": {
      "integrity": "sha512-wldeCaczs8XXq7hj+5d/F38JE2r7EXgb6WQDM84RVwxy81T/sxB5e9+uZLK9Q9oNz1mlvjut+QtvgaOQFPVq/g=="
    },
    "wrappy@1.0.2": {
      "integrity": "sha512-l4Sp/DRseor9wL6EvV2+TuQn63dMkPjZ/sp9XkghTEbV9KlPS1xUsZ3u7/IQO4wxtcFB4bgpQPRcR3QCvezPcQ=="
    },
    "ws@8.21.0": {
      "integrity": "sha512-Vsp28b7DRcimFQvrqu2Wek3z1iYxDCWqHYB8Qsnk/S4RfaCQzPGPyBNuVjJV3cd6UiKtUtp6sNM77gWvzcCH+g=="
    }
  },
  "remote": {
    "https://deno.land/x/rx_webstreams@0.2.0/lib/sources/timerSource.ts": "5c865b96c6be813678b30370d5434772c5b7ecd9a6ad2e214b0c7276c7bc61dd",
    "https://deno.land/x/rx_webstreams@0.2.0/lib/targets/simpleCallbackTarget.ts": "ab364908ac1aa8eecb32e6d1dee1d1588550b65ca1debc888257593a688ac382",
    "https://deno.land/x/rx_webstreams@0.2.0/mod.ts": "9fee999a0ef4f3ee0d20fd2e64da1dd666c5e27299c074fbd4a70a65c41e78e8",
    "https://deno.land/x/simple_timer_stream@1.0.2/lib/simpleTimerStream.ts": "a498f228c14f10de8675a502111339974dc81b180655b5ebc63cfc9e1a4b9d9d",
    "https://deno.land/x/simple_timer_stream@1.0.2/mod.ts": "7714c9be289af1c7209608c98214ab909790b4bb3d5792a27c05c95828bbecd9"
  },
  "workspace": {
    "dependencies": [
      "jsr:@es-toolkit/es-toolkit@^1.49.0",
      "jsr:@glassway/kubernetes-models@^1.36.10",
      "jsr:@glassway/kubernetes-types@^1.1.1",
      "jsr:@logtape/logtape@^2.2.3",
      "jsr:@std/assert@^1.0.9",
      "jsr:@std/async@^1.5.0",
      "jsr:@std/fs@^1.0.24",
      "jsr:@std/path@^1.1.6",
      "jsr:@std/streams@^1.1.1",
      "jsr:@std/testing@^1.0.19",
      "jsr:@std/url@~0.225.1",
      "jsr:@std/yaml@^1.1.2",
      "npm:commander@15",
      "npm:ohash@^2.0.11",
      "npm:semver@^7.8.5"
    ],
    "members": {
      "packages/architect": {
        "dependencies": [
          "jsr:@es-toolkit/es-toolkit@^1.49.0",
          "jsr:@std/encoding@^1.0.11",
          "npm:@types/js-yaml@^4.0.9",
          "npm:@types/lodash@^4.17.24",
          "npm:@types/object-hash@^3.0.6",
          "npm:ajv@^8.20.0",
          "npm:appdirsjs@^1.2.7",
          "npm:js-yaml@^4.3.0",
          "npm:object-hash@3",
          "npm:reflect-metadata@~0.2.2",
          "npm:ts-graphviz@^2.1.6",
          "npm:wildcard-match@^5.1.4"
        ]
      },
      "packages/architect-k8s": {
        "dependencies": [
          "jsr:@es-toolkit/es-toolkit@^1.49.0",
          "jsr:@match/match@0.1",
          "jsr:@std/encoding@^1.0.11",
          "npm:@kubernetes/client-node@^1.4.0",
          "npm:@types/js-yaml@^4.0.9",
          "npm:@types/lodash@^4.17.24",
          "npm:@types/object-hash@^3.0.6",
          "npm:ajv@^8.20.0",
          "npm:appdirsjs@^1.2.7",
          "npm:commander@^12.1.0",
          "npm:fast-glob@^3.3.3",
          "npm:js-yaml@^4.3.0",
          "npm:lodash@^4.18.1",
          "npm:object-hash@3",
          "npm:oci-client@^0.0.13",
          "npm:semver@^7.8.5",
          "npm:ts-graphviz@^2.1.6",
          "npm:wildcard-match@^5.1.4"
        ]
      },
      "packages/architect-wrapper": {
        "dependencies": [
          "jsr:@es-toolkit/es-toolkit@^1.49.0",
          "jsr:@std/collections@^1.3.0",
          "npm:appdirsjs@^1.2.7"
        ]
      }
    }
  }
}
