{
  "version": "5",
  "specifiers": {
    "jsr:@deno-library/progress@*": "1.5.1",
    "jsr:@deno-library/progress@^1.5.1": "1.5.1",
    "jsr:@es-toolkit/es-toolkit@^1.49.0": "1.49.0",
    "jsr:@logtape/logtape@^2.2.3": "2.2.3",
    "jsr:@match/match@0.1": "0.1.0",
    "jsr:@std/assert@^1.0.9": "1.0.11",
    "jsr:@std/async@*": "1.0.11",
    "jsr:@std/bytes@^1.0.6": "1.0.6",
    "jsr:@std/fmt@1.0.3": "1.0.3",
    "jsr:@std/internal@^1.0.5": "1.0.5",
    "jsr:@std/io@0.225.0": "0.225.0",
    "jsr:@std/streams@^1.1.1": "1.1.1",
    "jsr:@std/yaml@^1.1.2": "1.1.2",
    "npm:@types/js-yaml@^4.0.9": "4.0.9",
    "npm:@types/lodash@^4.17.24": "4.17.24",
    "npm:@types/object-hash@^3.0.6": "3.0.6",
    "npm:ajv-formats-draft2019@^1.6.1": "1.6.1_ajv@8.20.0",
    "npm:ajv-formats@^3.0.1": "3.0.1_ajv@8.20.0",
    "npm:ajv-i18n@4.2.0": "4.2.0_ajv@8.20.0",
    "npm:ajv-i18n@^4.2.0": "4.2.0_ajv@8.20.0",
    "npm:ajv@^8.20.0": "8.20.0",
    "npm:appdirsjs@^1.2.7": "1.2.7",
    "npm:commander@15": "15.0.0",
    "npm:commander@15.0.0": "15.0.0",
    "npm:commander@^12.1.0": "12.1.0",
    "npm:fast-glob@^3.3.3": "3.3.3",
    "npm:is-cidr@7": "7.0.0",
    "npm:js-yaml@^4.3.0": "4.3.0",
    "npm:lodash@^4.18.1": "4.18.1",
    "npm:object-hash@3": "3.0.0",
    "npm:ohash@^2.0.11": "2.0.11",
    "npm:openapi-types@^12.1.3": "12.1.3",
    "npm:reflect-metadata@~0.2.2": "0.2.2",
    "npm:semver@^7.8.5": "7.8.5",
    "npm:ts-graphviz@^2.1.6": "2.1.6",
    "npm:wildcard-match@^5.1.4": "5.1.4"
  },
  "jsr": {
    "@deno-library/progress@1.5.1": {
      "integrity": "966611826b8bb27baae73ab1c4fa4317cd4edd2abb99750cd6f8488d22d5b121",
      "dependencies": [
        "jsr:@std/fmt",
        "jsr:@std/io"
      ]
    },
    "@es-toolkit/es-toolkit@1.49.0": {
      "integrity": "65c5efb21703a5c7c4367d4428e2495d209804278ae32dd04d7a663a3104a40b"
    },
    "@logtape/logtape@2.2.3": {
      "integrity": "73911ec91d87bd7367ea5690d1dc438c0c73d27ef5d8d7565644f6bb4fa8be24"
    },
    "@match/match@0.1.0": {
      "integrity": "d98fdfe9b241c662f3b1ce2aca601a17033350fb2549e212abbe7d3c29170656"
    },
    "@std/assert@1.0.11": {
      "integrity": "2461ef3c368fe88bc60e186e7744a93112f16fd110022e113a0849e94d1c83c1",
      "dependencies": [
        "jsr:@std/internal"
      ]
    },
    "@std/async@1.0.11": {
      "integrity": "eee0d3405275506638a9c8efaa849cf0d35873120c69b7caa1309c9a9e5b6f85"
    },
    "@std/bytes@1.0.6": {
      "integrity": "f6ac6adbd8ccd99314045f5703e23af0a68d7f7e58364b47d2c7f408aeb5820a"
    },
    "@std/fmt@1.0.3": {
      "integrity": "97765c16aa32245ff4e2204ecf7d8562496a3cb8592340a80e7e554e0bb9149f"
    },
    "@std/internal@1.0.5": {
      "integrity": "54a546004f769c1ac9e025abd15a76b6671ddc9687e2313b67376125650dc7ba"
    },
    "@std/io@0.225.0": {
      "integrity": "c1db7c5e5a231629b32d64b9a53139445b2ca640d828c26bf23e1c55f8c079b3"
    },
    "@std/streams@1.1.1": {
      "integrity": "92556d350e537e9dce527a6d08f6f15be3ff65e656079dea69d15252187c7613",
      "dependencies": [
        "jsr:@std/bytes"
      ]
    },
    "@std/yaml@1.1.2": {
      "integrity": "de612653c036749ba2044165e316f52412b0f0698afffb7ee80b5331d6d2abae"
    }
  },
  "npm": {
    "@nodelib/fs.scandir@2.1.5": {
      "integrity": "sha512-vq24Bq3ym5HEQm2NKCr3yXDwjc7vTsEThRDnkp2DK9p1uqLR+DHurm/NOTo0KG7HYHU7eppKZj3MyqYuMBf62g==",
      "dependencies": [
        "@nodelib/fs.stat",
        "run-parallel"
      ]
    },
    "@nodelib/fs.stat@2.0.5": {
      "integrity": "sha512-RkhPPp2zrqDAQA/2jNhnztcPAlv64XdhIp7a7454A5ovI7Bukxgt7MX7udwAu3zg1DcpPU0rz3VV1SeaqvY4+A=="
    },
    "@nodelib/fs.walk@1.2.8": {
      "integrity": "sha512-oGB+UxlgWcgQkgwo8GcEGwemoTFt3FIO9ababBmaGwXIoBKZ+GTy0pP185beGg7Llih/NSHSV2XAs1lnznocSg==",
      "dependencies": [
        "@nodelib/fs.scandir",
        "fastq"
      ]
    },
    "@ts-graphviz/adapter@2.0.6": {
      "integrity": "sha512-kJ10lIMSWMJkLkkCG5gt927SnGZcBuG0s0HHswGzcHTgvtUe7yk5/3zTEr0bafzsodsOq5Gi6FhQeV775nC35Q==",
      "dependencies": [
        "@ts-graphviz/common"
      ]
    },
    "@ts-graphviz/ast@2.0.7": {
      "integrity": "sha512-e6+2qtNV99UT6DJSoLbHfkzfyqY84aIuoV8Xlb9+hZAjgpum8iVHprGeAMQ4rF6sKUAxrmY8rfF/vgAwoPc3gw==",
      "dependencies": [
        "@ts-graphviz/common"
      ]
    },
    "@ts-graphviz/common@2.1.5": {
      "integrity": "sha512-S6/9+T6x8j6cr/gNhp+U2olwo1n0jKj/682QVqsh7yXWV6ednHYqxFw0ZsY3LyzT0N8jaZ6jQY9YD99le3cmvg=="
    },
    "@ts-graphviz/core@2.0.7": {
      "integrity": "sha512-w071DSzP94YfN6XiWhOxnLpYT3uqtxJBDYdh6Jdjzt+Ce6DNspJsPQgpC7rbts/B8tEkq0LHoYuIF/O5Jh5rPg==",
      "dependencies": [
        "@ts-graphviz/ast",
        "@ts-graphviz/common"
      ]
    },
    "@types/js-yaml@4.0.9": {
      "integrity": "sha512-k4MGaQl5TGo/iipqb2UDG2UwjXziSWkh0uysQelTlJpX1qGlpUZYm8PnO4DxG1qBomtJUdYJ6qR6xdIah10JLg=="
    },
    "@types/lodash@4.17.24": {
      "integrity": "sha512-gIW7lQLZbue7lRSWEFql49QJJWThrTFFeIMJdp3eH4tKoxm1OvEPg02rm4wCCSHS0cL3/Fizimb35b7k8atwsQ=="
    },
    "@types/object-hash@3.0.6": {
      "integrity": "sha512-fOBV8C1FIu2ELinoILQ+ApxcUKz4ngq+IWUYrxSGjXzzjUALijilampwkMgEtJ+h2njAW3pi853QpzNVCHB73w=="
    },
    "ajv-formats-draft2019@1.6.1_ajv@8.20.0": {
      "integrity": "sha512-JQPvavpkWDvIsBp2Z33UkYCtXCSpW4HD3tAZ+oL4iEFOk9obQZffx0yANwECt6vzr6ET+7HN5czRyqXbnq/u0Q==",
      "dependencies": [
        "ajv",
        "punycode",
        "schemes",
        "smtp-address-parser",
        "uri-js"
      ]
    },
    "ajv-formats@3.0.1_ajv@8.20.0": {
      "integrity": "sha512-8iUql50EUR+uUcdRQ3HDqa6EVyo3docL8g5WJ3FNcWmu62IbkGUue/pEyLBW8VGKKucTPgqeks4fIU1DA4yowQ==",
      "dependencies": [
        "ajv"
      ],
      "optionalPeers": [
        "ajv"
      ]
    },
    "ajv-i18n@4.2.0_ajv@8.20.0": {
      "integrity": "sha512-v/ei2UkCEeuKNXh8RToiFsUclmU+G57LO1Oo22OagNMENIw+Yb8eMwvHu7Vn9fmkjJyv6XclhJ8TbuigSglPkg==",
      "dependencies": [
        "ajv"
      ]
    },
    "ajv@8.20.0": {
      "integrity": "sha512-Thbli+OlOj+iMPYFBVBfJ3OmCAnaSyNn4M1vz9T6Gka5Jt9ba/HIR56joy65tY6kx/FCF5VXNB819Y7/GUrBGA==",
      "dependencies": [
        "fast-deep-equal",
        "fast-uri",
        "json-schema-traverse",
        "require-from-string"
      ]
    },
    "appdirsjs@1.2.7": {
      "integrity": "sha512-Quji6+8kLBC3NnBeo14nPDq0+2jUs5s3/xEye+udFHumHhRk4M7aAMXp/PBJqkKYGuuyR9M/6Dq7d2AViiGmhw=="
    },
    "argparse@2.0.1": {
      "integrity": "sha512-8+9WqebbFzpX9OR+Wa6O29asIogeRMzcGtAINdpMHHyAg10f05aSFVBbcEqGf/PXw1EjAZ+q2/bEBg3DvurK3Q=="
    },
    "braces@3.0.3": {
      "integrity": "sha512-yQbXgO/OSZVD2IsiLlro+7Hf6Q18EJrKSEsdoMzKePKXct3gvD8oLcOQdIzGupr5Fj+EDe8gO/lxc1BzfMpxvA==",
      "dependencies": [
        "fill-range"
      ]
    },
    "cidr-regex@6.0.0": {
      "integrity": "sha512-zEbNjf8/Un85X0XYUR9e99CYxZrq6ko4F6Xd6wnrxpgVi9F0Y7096+H2T+RDxYGSYHP6DUptmQE4j6RdRe+f7w=="
    },
    "commander@12.1.0": {
      "integrity": "sha512-Vw8qHK3bZM9y/P10u3Vib8o/DdkvA2OtPtZvD871QKjy74Wj1WSKFILMPRPSdUSx5RFK1arlJzEtA4PkFgnbuA=="
    },
    "commander@15.0.0": {
      "integrity": "sha512-z67u4ZhzCL/Tydu1lJARtEZYWbWaN7oYLHbsuzocr6y4N6WZAagG3RQ4FW61V1/0+jImpj293XfrcYnd1qxtPg=="
    },
    "commander@2.20.3": {
      "integrity": "sha512-GpVkmM8vF2vQUkj2LvZmD35JxeJOLCwJ9cUkugyk2nuhbv3+mJvpLYYt+0+USMxE+oj+ey/lJEnhZw75x/OMcQ=="
    },
    "discontinuous-range@1.0.0": {
      "integrity": "sha512-c68LpLbO+7kP/b1Hr1qs8/BJ09F5khZGTxqxZuhzxpmwJKOgRFHJWIb9/KmqnqHhLdO55aOxFH/EGBvUQbL/RQ=="
    },
    "extend@3.0.2": {
      "integrity": "sha512-fjquC59cD7CyW6urNXK0FBufkZcoiGG80wTuPujX590cB5Ttln20E2UB4S/WARVqhXffZl2LNgS+gQdPIIim/g=="
    },
    "fast-deep-equal@3.1.3": {
      "integrity": "sha512-f3qQ9oQy9j2AhBe/H9VC91wLmKBCCU/gDOnKNAYG5hswO7BLKj09Hc5HYNz9cGI++xlpDCIgDaitVs03ATR84Q=="
    },
    "fast-glob@3.3.3": {
      "integrity": "sha512-7MptL8U0cqcFdzIzwOTHoilX9x5BrNqye7Z/LuC7kCMRio1EMSyqRK3BEAUD7sXRq4iT4AzTVuZdhgQ2TCvYLg==",
      "dependencies": [
        "@nodelib/fs.stat",
        "@nodelib/fs.walk",
        "glob-parent",
        "merge2",
        "micromatch"
      ]
    },
    "fast-uri@3.1.3": {
      "integrity": "sha512-i70LwGWUduXqzicKXWshooq+sWL1K3WUU5rKZNG/0i3a1OSoX3HqhH5WbWwTmqWfor4urUakGPiRQcleRZTwOg=="
    },
    "fastq@1.20.1": {
      "integrity": "sha512-GGToxJ/w1x32s/D2EKND7kTil4n8OVk/9mycTc4VDza13lOvpUZTGX3mFSCtV9ksdGBVzvsyAVLM6mHFThxXxw==",
      "dependencies": [
        "reusify"
      ]
    },
    "fill-range@7.1.1": {
      "integrity": "sha512-YsGpe3WHLK8ZYi4tWDg2Jy3ebRz2rXowDxnld4bkQB00cc/1Zw9AWnC0i9ztDJitivtQvaI9KaLyKrc+hBW0yg==",
      "dependencies": [
        "to-regex-range"
      ]
    },
    "glob-parent@5.1.2": {
      "integrity": "sha512-AOIgSQCepiJYwP3ARnGx+5VnTu2HBYdzbGP45eLw1vr3zB3vZLeyed1sC9hnbcOc9/SrMyM5RPQrkGz4aS9Zow==",
      "dependencies": [
        "is-glob"
      ]
    },
    "is-cidr@7.0.0": {
      "integrity": "sha512-PkjeSTr7ZiDQ73R3TbGJBEOWWdC58ew5k9DCLBpYR1QtmiAPqF73TRTcXs5uZVoe3q5vMGAnl7Htp+cxnLfj7g==",
      "dependencies": [
        "cidr-regex"
      ]
    },
    "is-extglob@2.1.1": {
      "integrity": "sha512-SbKbANkN603Vi4jEZv49LeVJMn4yGwsbzZworEoyEiutsN3nJYdbO36zfhGJ6QEDpOZIFkDtnq5JRxmvl3jsoQ=="
    },
    "is-glob@4.0.3": {
      "integrity": "sha512-xelSayHH36ZgE7ZWhli7pW34hNbNl8Ojv5KVmkJD4hBdD3th8Tfk9vYasLM+mXWOZhFkgZfxhLSnrwRr4elSSg==",
      "dependencies": [
        "is-extglob"
      ]
    },
    "is-number@7.0.0": {
      "integrity": "sha512-41Cifkg6e8TylSpdtTpeLVMqvSBEVzTttHvERD741+pnZ8ANv0004MRL43QKPDlK9cGvNp6NZWZUBlbGXYxxng=="
    },
    "js-yaml@4.3.0": {
      "integrity": "sha512-1td788aAnnZ5qs7V2QIRl1owjtYpbKt749Y3xauqQgwIIGF/xXWz1wMTEBx5O3LK3lXLVuqXPdPxj2BoFHaW9Q==",
      "dependencies": [
        "argparse"
      ],
      "bin": true
    },
    "json-schema-traverse@1.0.0": {
      "integrity": "sha512-NM8/P9n3XjXhIZn1lLhkFaACTOURQXjWhV4BA/RnOv8xvgqtqpAX9IO4mRQxSx1Rlo4tqzeqb0sOlruaOy3dug=="
    },
    "lodash@4.18.1": {
      "integrity": "sha512-dMInicTPVE8d1e5otfwmmjlxkZoUpiVLwyeTdUsi/Caj/gfzzblBcCE5sRHV/AsjuCmxWrte2TNGSYuCeCq+0Q=="
    },
    "merge2@1.4.1": {
      "integrity": "sha512-8q7VEgMJW4J8tcfVPy8g09NcQwZdbwFEqhe/WZkoIzjn/3TGDwtOCYtXGxA3O8tPzpczCCDgv+P2P5y00ZJOOg=="
    },
    "micromatch@4.0.8": {
      "integrity": "sha512-PXwfBhYu0hBCPw8Dn0E+WDYb7af3dSLVWKi3HGv84IdF4TyFoC0ysxFd0Goxw7nSv4T/PzEJQxsYsEiFCKo2BA==",
      "dependencies": [
        "braces",
        "picomatch"
      ]
    },
    "moo@0.5.3": {
      "integrity": "sha512-m2fmM2dDm7GZQsY7KK2cme8agi+AAljILjQnof7p1ZMDe6dQ4bdnSMx0cPppudoeNv5hEFQirN6u+O4fDE0IWA=="
    },
    "nearley@2.20.1": {
      "integrity": "sha512-+Mc8UaAebFzgV+KpI5n7DasuuQCHA89dmwm7JXw3TV43ukfNQ9DnBH3Mdb2g/I4Fdxc26pwimBWvjIw0UAILSQ==",
      "dependencies": [
        "commander@2.20.3",
        "moo",
        "railroad-diagrams",
        "randexp"
      ],
      "bin": true
    },
    "object-hash@3.0.0": {
      "integrity": "sha512-RSn9F68PjH9HqtltsSnqYC1XXoWe9Bju5+213R98cNGttag9q9yAOTzdbsqvIa7aNm5WffBZFpWYr2aWrklWAw=="
    },
    "ohash@2.0.11": {
      "integrity": "sha512-RdR9FQrFwNBNXAr4GixM8YaRZRJ5PUWbKYbE5eOsrwAjJW0q2REGcf79oYPsLyskQCZG1PLN+S/K1V00joZAoQ=="
    },
    "openapi-types@12.1.3": {
      "integrity": "sha512-N4YtSYJqghVu4iek2ZUvcN/0aqH1kRDuNqzcycDxhOUpg7GdvLa2F3DgS6yBNhInhv2r/6I0Flkn7CqL8+nIcw=="
    },
    "picomatch@2.3.2": {
      "integrity": "sha512-V7+vQEJ06Z+c5tSye8S+nHUfI51xoXIXjHQ99cQtKUkQqqO1kO/KCJUfZXuB47h/YBlDhah2H3hdUGXn8ie0oA=="
    },
    "punycode@2.3.1": {
      "integrity": "sha512-vYt7UD1U9Wg6138shLtLOvdAu+8DsC/ilFtEVHcH+wydcSpNE20AfSOduf6MkRFahL5FY7X1oU7nKVZFtfq8Fg=="
    },
    "queue-microtask@1.2.3": {
      "integrity": "sha512-NuaNSa6flKT5JaSYQzJok04JzTL1CA6aGhv5rfLW3PgqA+M2ChpZQnAC8h8i4ZFkBS8X5RqkDBHA7r4hej3K9A=="
    },
    "railroad-diagrams@1.0.0": {
      "integrity": "sha512-cz93DjNeLY0idrCNOH6PviZGRN9GJhsdm9hpn1YCS879fj4W+x5IFJhhkRZcwVgMmFF7R82UA/7Oh+R8lLZg6A=="
    },
    "randexp@0.4.6": {
      "integrity": "sha512-80WNmd9DA0tmZrw9qQa62GPPWfuXJknrmVmLcxvq4uZBdYqb1wYoKTmnlGUchvVWe0XiLupYkBoXVOxz3C8DYQ==",
      "dependencies": [
        "discontinuous-range",
        "ret"
      ]
    },
    "reflect-metadata@0.2.2": {
      "integrity": "sha512-urBwgfrvVP/eAyXx4hluJivBKzuEbSQs9rKWCrCkbSxNv8mxPcUZKeuoF3Uy4mJl3Lwprp6yy5/39VWigZ4K6Q=="
    },
    "require-from-string@2.0.2": {
      "integrity": "sha512-Xf0nWe6RseziFMu+Ap9biiUbmplq6S9/p+7w7YXP/JBHhrUDDUhwa+vANyubuqfZWTveU//DYVGsDG7RKL/vEw=="
    },
    "ret@0.1.15": {
      "integrity": "sha512-TTlYpa+OL+vMMNG24xSlQGEJ3B/RzEfUlLct7b5G/ytav+wPrplCpVMFuwzXbkecJrb6IYo1iFb0S9v37754mg=="
    },
    "reusify@1.1.0": {
      "integrity": "sha512-g6QUff04oZpHs0eG5p83rFLhHeV00ug/Yf9nZM6fLeUrPguBTkTQOdpAWWspMh55TZfVQDPaN3NQJfbVRAxdIw=="
    },
    "run-parallel@1.2.0": {
      "integrity": "sha512-5l4VyZR86LZ/lDxZTR6jqL8AFE2S0IFLMP26AbjsLVADxHdhB/c0GUsH+y39UfCi3dzz8OlQuPmnaJOMoDHQBA==",
      "dependencies": [
        "queue-microtask"
      ]
    },
    "schemes@1.4.0": {
      "integrity": "sha512-ImFy9FbCsQlVgnE3TCWmLPCFnVzx0lHL/l+umHplDqAKd0dzFpnS6lFZIpagBlYhKwzVmlV36ec0Y1XTu8JBAQ==",
      "dependencies": [
        "extend"
      ]
    },
    "semver@7.8.5": {
      "integrity": "sha512-Y7/KDsb8LjooZpwaqGyulO6DQlksgCncchHGk+sZIY4SBvUocMBEFH5Ur1fI4dV+Jvl0w6cjvucaIi40puRioA==",
      "bin": true
    },
    "smtp-address-parser@1.1.0": {
      "integrity": "sha512-Gz11jbNU0plrReU9Sj7fmshSBxxJ9ShdD2q4ktHIHo/rpTH6lFyQoYHYKINPJtPe8aHFnsbtW46Ls0tCCBsIZg==",
      "dependencies": [
        "nearley"
      ]
    },
    "to-regex-range@5.0.1": {
      "integrity": "sha512-65P7iz6X5yEr1cwcgvQxbbIw7Uk3gOy5dIdtZ4rDveLqhrdJP+Li/Hx6tyK0NEb+2GCyneCMJiGqrADCSNk8sQ==",
      "dependencies": [
        "is-number"
      ]
    },
    "ts-graphviz@2.1.6": {
      "integrity": "sha512-XyLVuhBVvdJTJr2FJJV2L1pc4MwSjMhcunRVgDE9k4wbb2ee7ORYnPewxMWUav12vxyfUM686MSGsqnVRIInuw==",
      "dependencies": [
        "@ts-graphviz/adapter",
        "@ts-graphviz/ast",
        "@ts-graphviz/common",
        "@ts-graphviz/core"
      ]
    },
    "uri-js@4.4.1": {
      "integrity": "sha512-7rKUyy33Q1yc98pQ1DAmLtwX109F7TIfWlW1Ydo8Wl1ii1SeHieeh0HHfPeL2fMXK6z0s8ecKs9frCuLJvndBg==",
      "dependencies": [
        "punycode"
      ]
    },
    "wildcard-match@5.1.4": {
      "integrity": "sha512-wldeCaczs8XXq7hj+5d/F38JE2r7EXgb6WQDM84RVwxy81T/sxB5e9+uZLK9Q9oNz1mlvjut+QtvgaOQFPVq/g=="
    }
  },
  "workspace": {
    "dependencies": [
      "jsr:@es-toolkit/es-toolkit@^1.49.0",
      "jsr:@logtape/logtape@^2.2.3",
      "jsr:@std/assert@^1.0.9",
      "jsr:@std/streams@^1.1.1",
      "jsr:@std/yaml@^1.1.2",
      "npm:commander@15",
      "npm:ohash@^2.0.11"
    ],
    "members": {
      "packages/architect": {
        "dependencies": [
          "jsr:@deno-library/progress@^1.5.1",
          "jsr:@es-toolkit/es-toolkit@^1.49.0",
          "jsr:@glassway/kubernetes-models@^1.36.0",
          "npm:@types/js-yaml@^4.0.9",
          "npm:@types/lodash@^4.17.24",
          "npm:@types/object-hash@^3.0.6",
          "npm:ajv@^8.20.0",
          "npm:appdirsjs@^1.2.7",
          "npm:js-yaml@^4.3.0",
          "npm:object-hash@3",
          "npm:reflect-metadata@~0.2.2",
          "npm:ts-graphviz@^2.1.6",
          "npm:wildcard-match@^5.1.4"
        ]
      },
      "packages/architect-k8s": {
        "dependencies": [
          "jsr:@es-toolkit/es-toolkit@^1.49.0",
          "jsr:@match/match@0.1",
          "npm:@types/js-yaml@^4.0.9",
          "npm:@types/lodash@^4.17.24",
          "npm:@types/object-hash@^3.0.6",
          "npm:ajv@^8.20.0",
          "npm:appdirsjs@^1.2.7",
          "npm:commander@^12.1.0",
          "npm:fast-glob@^3.3.3",
          "npm:js-yaml@^4.3.0",
          "npm:lodash@^4.18.1",
          "npm:object-hash@3",
          "npm:semver@^7.8.5",
          "npm:ts-graphviz@^2.1.6",
          "npm:wildcard-match@^5.1.4"
        ]
      },
      "packages/kubernetes-models": {
        "dependencies": [
          "jsr:@glassway/kubernetes-types@1",
          "jsr:@std/yaml@^1.1.2",
          "npm:ajv@^8.20.0",
          "npm:openapi-types@^12.1.3"
        ]
      },
      "packages/kubernetes-types": {
        "dependencies": [
          "npm:ajv-formats-draft2019@^1.6.1",
          "npm:ajv-formats@^3.0.1",
          "npm:ajv-i18n@^4.2.0",
          "npm:ajv@^8.20.0",
          "npm:is-cidr@7"
        ]
      }
    }
  }
}
